PODS:
  - ImageUtils (0.0.5)
  - VideoEffects (0.0.30):
    - ImageUtils

DEPENDENCIES:
  - ImageUtils (= 0.0.5)
  - VideoEffects (= 0.0.30)

SPEC REPOS:
  https://github.com/jonbrennecke/private-pod-specs.git:
    - ImageUtils
    - VideoEffects

SPEC CHECKSUMS:
  ImageUtils: b0e9b9777b22c7a5e4263b29fd23aa65cf0e184b
  VideoEffects: 67be60b13e197301a9be26916e3dd8bc85f8b78a

PODFILE CHECKSUM: 7f09a811e8d6c6f94b425bac61c7244d9a7fa63c

COCOAPODS: 1.8.4
