PODS:
  - ImageUtils (0.0.6)
  - VideoEffects (0.0.33):
    - ImageUtils

DEPENDENCIES:
  - ImageUtils (= 0.0.6)
  - VideoEffects (= 0.0.33)

SPEC REPOS:
  https://github.com/jonbrennecke/private-pod-specs.git:
    - ImageUtils
    - VideoEffects

SPEC CHECKSUMS:
  ImageUtils: d3c6cd535a476e4fe5ef349157b3c4a4bc2f18c6
  VideoEffects: 6f849f06112c74859f4864359b502986e082c2f0

PODFILE CHECKSUM: 9e274a4795458fc3f996a8483e4916b3ed29a82e

COCOAPODS: 1.8.4
